// !$*UTF8*$!
{
	archiveVersion = 1;
	classes = {
	};
	objectVersion = 52;
	objects = {

/* Begin PBXBuildFile section */
		CC94018A25763C20007C8044 /* UIColorExtension.swift in Sources */ = {isa = PBXBuildFile; fileRef = CC94018925763C20007C8044 /* UIColorExtension.swift */; };
		CC94018D257647ED007C8044 /* Font.swift in Sources */ = {isa = PBXBuildFile; fileRef = CC94018C257647ED007C8044 /* Font.swift */; };
		CC94019025764828007C8044 /* CGFloatExtension.swift in Sources */ = {isa = PBXBuildFile; fileRef = CC94018F25764828007C8044 /* CGFloatExtension.swift */; };
		CCA77E0025763777006F9D73 /* ArrayExtension.swift in Sources */ = {isa = PBXBuildFile; fileRef = CCA77DFF25763777006F9D73 /* ArrayExtension.swift */; };
		CCAF654825756CF8007191EE /* SnapKit in Frameworks */ = {isa = PBXBuildFile; productRef = CCAF654725756CF8007191EE /* SnapKit */; };
		CCAF654D25757025007191EE /* IntExtension.swift in Sources */ = {isa = PBXBuildFile; fileRef = CCAF654C25757025007191EE /* IntExtension.swift */; };
		CCAF655225757052007191EE /* AdaptiveLayoutHelper.swift in Sources */ = {isa = PBXBuildFile; fileRef = CCAF655125757052007191EE /* AdaptiveLayoutHelper.swift */; };
		CCAF6558257570B0007191EE /* Dimension.swift in Sources */ = {isa = PBXBuildFile; fileRef = CCAF6557257570B0007191EE /* Dimension.swift */; };
		CCAF655B257570CA007191EE /* Device.swift in Sources */ = {isa = PBXBuildFile; fileRef = CCAF655A257570CA007191EE /* Device.swift */; };
		CCC76BD0257565A2000D8764 /* AppDelegate.swift in Sources */ = {isa = PBXBuildFile; fileRef = CCC76BCF257565A2000D8764 /* AppDelegate.swift */; };
		CCC76BD2257565A2000D8764 /* SceneDelegate.swift in Sources */ = {isa = PBXBuildFile; fileRef = CCC76BD1257565A2000D8764 /* SceneDelegate.swift */; };
		CCC76BD4257565A2000D8764 /* ViewController.swift in Sources */ = {isa = PBXBuildFile; fileRef = CCC76BD3257565A2000D8764 /* ViewController.swift */; };
		CCC76BD9257565A3000D8764 /* Assets.xcassets in Resources */ = {isa = PBXBuildFile; fileRef = CCC76BD8257565A3000D8764 /* Assets.xcassets */; };
		CCC76BDC257565A3000D8764 /* LaunchScreen.storyboard in Resources */ = {isa = PBXBuildFile; fileRef = CCC76BDA257565A3000D8764 /* LaunchScreen.storyboard */; };
/* End PBXBuildFile section */

/* Begin PBXFileReference section */
		CC94018925763C20007C8044 /* UIColorExtension.swift */ = {isa = PBXFileReference; lastKnownFileType = sourcecode.swift; path = UIColorExtension.swift; sourceTree = "<group>"; };
		CC94018C257647ED007C8044 /* Font.swift */ = {isa = PBXFileReference; lastKnownFileType = sourcecode.swift; path = Font.swift; sourceTree = "<group>"; };
		CC94018F25764828007C8044 /* CGFloatExtension.swift */ = {isa = PBXFileReference; lastKnownFileType = sourcecode.swift; path = CGFloatExtension.swift; sourceTree = "<group>"; };
		CCA77DFF25763777006F9D73 /* ArrayExtension.swift */ = {isa = PBXFileReference; lastKnownFileType = sourcecode.swift; path = ArrayExtension.swift; sourceTree = "<group>"; };
		CCAF654C25757025007191EE /* IntExtension.swift */ = {isa = PBXFileReference; lastKnownFileType = sourcecode.swift; path = IntExtension.swift; sourceTree = "<group>"; };
		CCAF655125757052007191EE /* AdaptiveLayoutHelper.swift */ = {isa = PBXFileReference; lastKnownFileType = sourcecode.swift; path = AdaptiveLayoutHelper.swift; sourceTree = "<group>"; };
		CCAF6557257570B0007191EE /* Dimension.swift */ = {isa = PBXFileReference; lastKnownFileType = sourcecode.swift; path = Dimension.swift; sourceTree = "<group>"; };
		CCAF655A257570CA007191EE /* Device.swift */ = {isa = PBXFileReference; lastKnownFileType = sourcecode.swift; path = Device.swift; sourceTree = "<group>"; };
		CCC76BCC257565A2000D8764 /* ProgrammaticLayout.app */ = {isa = PBXFileReference; explicitFileType = wrapper.application; includeInIndex = 0; path = ProgrammaticLayout.app; sourceTree = BUILT_PRODUCTS_DIR; };
		CCC76BCF257565A2000D8764 /* AppDelegate.swift */ = {isa = PBXFileReference; lastKnownFileType = sourcecode.swift; path = AppDelegate.swift; sourceTree = "<group>"; };
		CCC76BD1257565A2000D8764 /* SceneDelegate.swift */ = {isa = PBXFileReference; lastKnownFileType = sourcecode.swift; path = SceneDelegate.swift; sourceTree = "<group>"; };
		CCC76BD3257565A2000D8764 /* ViewController.swift */ = {isa = PBXFileReference; lastKnownFileType = sourcecode.swift; path = ViewController.swift; sourceTree = "<group>"; };
		CCC76BD8257565A3000D8764 /* Assets.xcassets */ = {isa = PBXFileReference; lastKnownFileType = folder.assetcatalog; path = Assets.xcassets; sourceTree = "<group>"; };
		CCC76BDB257565A3000D8764 /* Base */ = {isa = PBXFileReference; lastKnownFileType = file.storyboard; name = Base; path = Base.lproj/LaunchScreen.storyboard; sourceTree = "<group>"; };
		CCC76BDD257565A3000D8764 /* Info.plist */ = {isa = PBXFileReference; lastKnownFileType = text.plist.xml; path = Info.plist; sourceTree = "<group>"; };
/* End PBXFileReference section */

/* Begin PBXFrameworksBuildPhase section */
		CCC76BC9257565A2000D8764 /* Frameworks */ = {
			isa = PBXFrameworksBuildPhase;
			buildActionMask = 2147483647;
			files = (
				CCAF654825756CF8007191EE /* SnapKit in Frameworks */,
			);
			runOnlyForDeploymentPostprocessing = 0;
		};
/* End PBXFrameworksBuildPhase section */

/* Begin PBXGroup section */
		CCAF654B25757017007191EE /* Extensions */ = {
			isa = PBXGroup;
			children = (
				CCAF654C25757025007191EE /* IntExtension.swift */,
				CCA77DFF25763777006F9D73 /* ArrayExtension.swift */,
				CC94018925763C20007C8044 /* UIColorExtension.swift */,
				CC94018F25764828007C8044 /* CGFloatExtension.swift */,
			);
			path = Extensions;
			sourceTree = "<group>";
		};
		CCAF655025757041007191EE /* Helpers */ = {
			isa = PBXGroup;
			children = (
				CCAF655125757052007191EE /* AdaptiveLayoutHelper.swift */,
			);
			path = Helpers;
			sourceTree = "<group>";
		};
		CCAF655425757062007191EE /* View */ = {
			isa = PBXGroup;
			children = (
				CCC76BD3257565A2000D8764 /* ViewController.swift */,
			);
			path = View;
			sourceTree = "<group>";
		};
		CCAF655625757095007191EE /* Enums */ = {
			isa = PBXGroup;
			children = (
				CCAF6557257570B0007191EE /* Dimension.swift */,
				CCAF655A257570CA007191EE /* Device.swift */,
				CC94018C257647ED007C8044 /* Font.swift */,
			);
			path = Enums;
			sourceTree = "<group>";
		};
		CCC76BC3257565A2000D8764 = {
			isa = PBXGroup;
			children = (
				CCC76BCE257565A2000D8764 /* ProgrammaticLayout */,
				CCC76BCD257565A2000D8764 /* Products */,
			);
			sourceTree = "<group>";
		};
		CCC76BCD257565A2000D8764 /* Products */ = {
			isa = PBXGroup;
			children = (
				CCC76BCC257565A2000D8764 /* ProgrammaticLayout.app */,
			);
			name = Products;
			sourceTree = "<group>";
		};
		CCC76BCE257565A2000D8764 /* ProgrammaticLayout */ = {
			isa = PBXGroup;
			children = (
				CCC76BCF257565A2000D8764 /* AppDelegate.swift */,
				CCC76BD1257565A2000D8764 /* SceneDelegate.swift */,
				CCAF655625757095007191EE /* Enums */,
				CCAF655025757041007191EE /* Helpers */,
				CCAF654B25757017007191EE /* Extensions */,
				CCAF655425757062007191EE /* View */,
				CCC76BE525756632000D8764 /* Resources */,
			);
			path = ProgrammaticLayout;
			sourceTree = "<group>";
		};
		CCC76BE525756632000D8764 /* Resources */ = {
			isa = PBXGroup;
			children = (
				CCC76BD8257565A3000D8764 /* Assets.xcassets */,
				CCC76BDA257565A3000D8764 /* LaunchScreen.storyboard */,
				CCC76BDD257565A3000D8764 /* Info.plist */,
			);
			path = Resources;
			sourceTree = "<group>";
		};
/* End PBXGroup section */

/* Begin PBXNativeTarget section */
		CCC76BCB257565A2000D8764 /* ProgrammaticLayout */ = {
			isa = PBXNativeTarget;
			buildConfigurationList = CCC76BE0257565A3000D8764 /* Build configuration list for PBXNativeTarget "ProgrammaticLayout" */;
			buildPhases = (
				CCC76BC8257565A2000D8764 /* Sources */,
				CCC76BC9257565A2000D8764 /* Frameworks */,
				CCC76BCA257565A2000D8764 /* Resources */,
			);
			buildRules = (
			);
			dependencies = (
			);
			name = ProgrammaticLayout;
			packageProductDependencies = (
				CCAF654725756CF8007191EE /* SnapKit */,
			);
			productName = ProgrammaticLayout;
			productReference = CCC76BCC257565A2000D8764 /* ProgrammaticLayout.app */;
			productType = "com.apple.product-type.application";
		};
/* End PBXNativeTarget section */

/* Begin PBXProject section */
		CCC76BC4257565A2000D8764 /* Project object */ = {
			isa = PBXProject;
			attributes = {
				LastSwiftUpdateCheck = 1210;
				LastUpgradeCheck = 1210;
				ORGANIZATIONNAME = "Rodion Artyukhin";
				TargetAttributes = {
					CCC76BCB257565A2000D8764 = {
						CreatedOnToolsVersion = 12.1;
					};
				};
			};
			buildConfigurationList = CCC76BC7257565A2000D8764 /* Build configuration list for PBXProject "ProgrammaticLayout" */;
			compatibilityVersion = "Xcode 9.3";
			developmentRegion = en;
			hasScannedForEncodings = 0;
			knownRegions = (
				en,
				Base,
			);
			mainGroup = CCC76BC3257565A2000D8764;
			packageReferences = (
				CCAF654625756CF8007191EE /* XCRemoteSwiftPackageReference "SnapKit" */,
			);
			productRefGroup = CCC76BCD257565A2000D8764 /* Products */;
			projectDirPath = "";
			projectRoot = "";
			targets = (
				CCC76BCB257565A2000D8764 /* ProgrammaticLayout */,
			);
		};
/* End PBXProject section */

/* Begin PBXResourcesBuildPhase section */
		CCC76BCA257565A2000D8764 /* Resources */ = {
			isa = PBXResourcesBuildPhase;
			buildActionMask = 2147483647;
			files = (
				CCC76BDC257565A3000D8764 /* LaunchScreen.storyboard in Resources */,
				CCC76BD9257565A3000D8764 /* Assets.xcassets in Resources */,
			);
			runOnlyForDeploymentPostprocessing = 0;
		};
/* End PBXResourcesBuildPhase section */

/* Begin PBXSourcesBuildPhase section */
		CCC76BC8257565A2000D8764 /* Sources */ = {
			isa = PBXSourcesBuildPhase;
			buildActionMask = 2147483647;
			files = (
				CCC76BD4257565A2000D8764 /* ViewController.swift in Sources */,
				CCAF654D25757025007191EE /* IntExtension.swift in Sources */,
				CC94018D257647ED007C8044 /* Font.swift in Sources */,
				CCAF6558257570B0007191EE /* Dimension.swift in Sources */,
				CCA77E0025763777006F9D73 /* ArrayExtension.swift in Sources */,
				CCC76BD0257565A2000D8764 /* AppDelegate.swift in Sources */,
				CC94018A25763C20007C8044 /* UIColorExtension.swift in Sources */,
				CCC76BD2257565A2000D8764 /* SceneDelegate.swift in Sources */,
				CCAF655B257570CA007191EE /* Device.swift in Sources */,
				CCAF655225757052007191EE /* AdaptiveLayoutHelper.swift in Sources */,
				CC94019025764828007C8044 /* CGFloatExtension.swift in Sources */,
			);
			runOnlyForDeploymentPostprocessing = 0;
		};
/* End PBXSourcesBuildPhase section */

/* Begin PBXVariantGroup section */
		CCC76BDA257565A3000D8764 /* LaunchScreen.storyboard */ = {
			isa = PBXVariantGroup;
			children = (
				CCC76BDB257565A3000D8764 /* Base */,
			);
			name = LaunchScreen.storyboard;
			sourceTree = "<group>";
		};
/* End PBXVariantGroup section */

/* Begin XCBuildConfiguration section */
		CCC76BDE257565A3000D8764 /* Debug */ = {
			isa = XCBuildConfiguration;
			buildSettings = {
				ALWAYS_SEARCH_USER_PATHS = NO;
				CLANG_ANALYZER_NONNULL = YES;
				CLANG_ANALYZER_NUMBER_OBJECT_CONVERSION = YES_AGGRESSIVE;
				CLANG_CXX_LANGUAGE_STANDARD = "gnu++14";
				CLANG_CXX_LIBRARY = "libc++";
				CLANG_ENABLE_MODULES = YES;
				CLANG_ENABLE_OBJC_ARC = YES;
				CLANG_ENABLE_OBJC_WEAK = YES;
				CLANG_WARN_BLOCK_CAPTURE_AUTORELEASING = YES;
				CLANG_WARN_BOOL_CONVERSION = YES;
				CLANG_WARN_COMMA = YES;
				CLANG_WARN_CONSTANT_CONVERSION = YES;
				CLANG_WARN_DEPRECATED_OBJC_IMPLEMENTATIONS = YES;
				CLANG_WARN_DIRECT_OBJC_ISA_USAGE = YES_ERROR;
				CLANG_WARN_DOCUMENTATION_COMMENTS = YES;
				CLANG_WARN_EMPTY_BODY = YES;
				CLANG_WARN_ENUM_CONVERSION = YES;
				CLANG_WARN_INFINITE_RECURSION = YES;
				CLANG_WARN_INT_CONVERSION = YES;
				CLANG_WARN_NON_LITERAL_NULL_CONVERSION = YES;
				CLANG_WARN_OBJC_IMPLICIT_RETAIN_SELF = YES;
				CLANG_WARN_OBJC_LITERAL_CONVERSION = YES;
				CLANG_WARN_OBJC_ROOT_CLASS = YES_ERROR;
				CLANG_WARN_QUOTED_INCLUDE_IN_FRAMEWORK_HEADER = YES;
				CLANG_WARN_RANGE_LOOP_ANALYSIS = YES;
				CLANG_WARN_STRICT_PROTOTYPES = YES;
				CLANG_WARN_SUSPICIOUS_MOVE = YES;
				CLANG_WARN_UNGUARDED_AVAILABILITY = YES_AGGRESSIVE;
				CLANG_WARN_UNREACHABLE_CODE = YES;
				CLANG_WARN__DUPLICATE_METHOD_MATCH = YES;
				COPY_PHASE_STRIP = NO;
				DEBUG_INFORMATION_FORMAT = dwarf;
				ENABLE_STRICT_OBJC_MSGSEND = YES;
				ENABLE_TESTABILITY = YES;
				GCC_C_LANGUAGE_STANDARD = gnu11;
				GCC_DYNAMIC_NO_PIC = NO;
				GCC_NO_COMMON_BLOCKS = YES;
				GCC_OPTIMIZATION_LEVEL = 0;
				GCC_PREPROCESSOR_DEFINITIONS = (
					"DEBUG=1",
					"$(inherited)",
				);
				GCC_WARN_64_TO_32_BIT_CONVERSION = YES;
				GCC_WARN_ABOUT_RETURN_TYPE = YES_ERROR;
				GCC_WARN_UNDECLARED_SELECTOR = YES;
				GCC_WARN_UNINITIALIZED_AUTOS = YES_AGGRESSIVE;
				GCC_WARN_UNUSED_FUNCTION = YES;
				GCC_WARN_UNUSED_VARIABLE = YES;
				IPHONEOS_DEPLOYMENT_TARGET = 14.1;
				MTL_ENABLE_DEBUG_INFO = INCLUDE_SOURCE;
				MTL_FAST_MATH = YES;
				ONLY_ACTIVE_ARCH = YES;
				SDKROOT = iphoneos;
				SWIFT_ACTIVE_COMPILATION_CONDITIONS = DEBUG;
				SWIFT_OPTIMIZATION_LEVEL = "-Onone";
			};
			name = Debug;
		};
		CCC76BDF257565A3000D8764 /* Release */ = {
			isa = XCBuildConfiguration;
			buildSettings = {
				ALWAYS_SEARCH_USER_PATHS = NO;
				CLANG_ANALYZER_NONNULL = YES;
				CLANG_ANALYZER_NUMBER_OBJECT_CONVERSION = YES_AGGRESSIVE;
				CLANG_CXX_LANGUAGE_STANDARD = "gnu++14";
				CLANG_CXX_LIBRARY = "libc++";
				CLANG_ENABLE_MODULES = YES;
				CLANG_ENABLE_OBJC_ARC = YES;
				CLANG_ENABLE_OBJC_WEAK = YES;
				CLANG_WARN_BLOCK_CAPTURE_AUTORELEASING = YES;
				CLANG_WARN_BOOL_CONVERSION = YES;
				CLANG_WARN_COMMA = YES;
				CLANG_WARN_CONSTANT_CONVERSION = YES;
				CLANG_WARN_DEPRECATED_OBJC_IMPLEMENTATIONS = YES;
				CLANG_WARN_DIRECT_OBJC_ISA_USAGE = YES_ERROR;
				CLANG_WARN_DOCUMENTATION_COMMENTS = YES;
				CLANG_WARN_EMPTY_BODY = YES;
				CLANG_WARN_ENUM_CONVERSION = YES;
				CLANG_WARN_INFINITE_RECURSION = YES;
				CLANG_WARN_INT_CONVERSION = YES;
				CLANG_WARN_NON_LITERAL_NULL_CONVERSION = YES;
				CLANG_WARN_OBJC_IMPLICIT_RETAIN_SELF = YES;
				CLANG_WARN_OBJC_LITERAL_CONVERSION = YES;
				CLANG_WARN_OBJC_ROOT_CLASS = YES_ERROR;
				CLANG_WARN_QUOTED_INCLUDE_IN_FRAMEWORK_HEADER = YES;
				CLANG_WARN_RANGE_LOOP_ANALYSIS = YES;
				CLANG_WARN_STRICT_PROTOTYPES = YES;
				CLANG_WARN_SUSPICIOUS_MOVE = YES;
				CLANG_WARN_UNGUARDED_AVAILABILITY = YES_AGGRESSIVE;
				CLANG_WARN_UNREACHABLE_CODE = YES;
				CLANG_WARN__DUPLICATE_METHOD_MATCH = YES;
				COPY_PHASE_STRIP = NO;
				DEBUG_INFORMATION_FORMAT = "dwarf-with-dsym";
				ENABLE_NS_ASSERTIONS = NO;
				ENABLE_STRICT_OBJC_MSGSEND = YES;
				GCC_C_LANGUAGE_STANDARD = gnu11;
				GCC_NO_COMMON_BLOCKS = YES;
				GCC_WARN_64_TO_32_BIT_CONVERSION = YES;
				GCC_WARN_ABOUT_RETURN_TYPE = YES_ERROR;
				GCC_WARN_UNDECLARED_SELECTOR = YES;
				GCC_WARN_UNINITIALIZED_AUTOS = YES_AGGRESSIVE;
				GCC_WARN_UNUSED_FUNCTION = YES;
				GCC_WARN_UNUSED_VARIABLE = YES;
				IPHONEOS_DEPLOYMENT_TARGET = 14.1;
				MTL_ENABLE_DEBUG_INFO = NO;
				MTL_FAST_MATH = YES;
				SDKROOT = iphoneos;
				SWIFT_COMPILATION_MODE = wholemodule;
				SWIFT_OPTIMIZATION_LEVEL = "-O";
				VALIDATE_PRODUCT = YES;
			};
			name = Release;
		};
		CCC76BE1257565A3000D8764 /* Debug */ = {
			isa = XCBuildConfiguration;
			buildSettings = {
				ASSETCATALOG_COMPILER_APPICON_NAME = AppIcon;
				ASSETCATALOG_COMPILER_GLOBAL_ACCENT_COLOR_NAME = AccentColor;
				CODE_SIGN_STYLE = Automatic;
				DEVELOPMENT_TEAM = 2JY7W272GQ;
				INFOPLIST_FILE = ProgrammaticLayout/Resources/Info.plist;
				LD_RUNPATH_SEARCH_PATHS = (
					"$(inherited)",
					"@executable_path/Frameworks",
				);
				PRODUCT_BUNDLE_IDENTIFIER = com.rodionartyukhin.ProgrammaticLayout;
				PRODUCT_NAME = "$(TARGET_NAME)";
				SWIFT_VERSION = 5.0;
				TARGETED_DEVICE_FAMILY = "1,2";
			};
			name = Debug;
		};
		CCC76BE2257565A3000D8764 /* Release */ = {
			isa = XCBuildConfiguration;
			buildSettings = {
				ASSETCATALOG_COMPILER_APPICON_NAME = AppIcon;
				ASSETCATALOG_COMPILER_GLOBAL_ACCENT_COLOR_NAME = AccentColor;
				CODE_SIGN_STYLE = Automatic;
				DEVELOPMENT_TEAM = 2JY7W272GQ;
				INFOPLIST_FILE = ProgrammaticLayout/Resources/Info.plist;
				LD_RUNPATH_SEARCH_PATHS = (
					"$(inherited)",
					"@executable_path/Frameworks",
				);
				PRODUCT_BUNDLE_IDENTIFIER = com.rodionartyukhin.ProgrammaticLayout;
				PRODUCT_NAME = "$(TARGET_NAME)";
				SWIFT_VERSION = 5.0;
				TARGETED_DEVICE_FAMILY = "1,2";
			};
			name = Release;
		};
/* End XCBuildConfiguration section */

/* Begin XCConfigurationList section */
		CCC76BC7257565A2000D8764 /* Build configuration list for PBXProject "ProgrammaticLayout" */ = {
			isa = XCConfigurationList;
			buildConfigurations = (
				CCC76BDE257565A3000D8764 /* Debug */,
				CCC76BDF257565A3000D8764 /* Release */,
			);
			defaultConfigurationIsVisible = 0;
			defaultConfigurationName = Release;
		};
		CCC76BE0257565A3000D8764 /* Build configuration list for PBXNativeTarget "ProgrammaticLayout" */ = {
			isa = XCConfigurationList;
			buildConfigurations = (
				CCC76BE1257565A3000D8764 /* Debug */,
				CCC76BE2257565A3000D8764 /* Release */,
			);
			defaultConfigurationIsVisible = 0;
			defaultConfigurationName = Release;
		};
/* End XCConfigurationList section */

/* Begin XCRemoteSwiftPackageReference section */
		CCAF654625756CF8007191EE /* XCRemoteSwiftPackageReference "SnapKit" */ = {
			isa = XCRemoteSwiftPackageReference;
			repositoryURL = "https://github.com/SnapKit/SnapKit";
			requirement = {
				kind = upToNextMajorVersion;
				minimumVersion = 5.0.1;
			};
		};
/* End XCRemoteSwiftPackageReference section */

/* Begin XCSwiftPackageProductDependency section */
		CCAF654725756CF8007191EE /* SnapKit */ = {
			isa = XCSwiftPackageProductDependency;
			package = CCAF654625756CF8007191EE /* XCRemoteSwiftPackageReference "SnapKit" */;
			productName = SnapKit;
		};
/* End XCSwiftPackageProductDependency section */
	};
	rootObject = CCC76BC4257565A2000D8764 /* Project object */;
}
